
Microsoft Visual Studio Solution File, Format Version 12.00
# Visual Studio Version 16
VisualStudioVersion = 16.0.32802.440
MinimumVisualStudioVersion = 10.0.40219.1
Project("{9A19103F-16F7-4668-BE54-9A1E7A4F7556}") = "Clases", "2doParcial\Clases.csproj", "{E2597040-B014-4EA6-835D-16790EB26288}"
EndProject
Project("{9A19103F-16F7-4668-BE54-9A1E7A4F7556}") = "Truco", "Truco\Truco.csproj", "{BC3A2768-0B99-47B1-A6E2-0FAB7D7FFAD7}"
EndProject
Project("{9A19103F-16F7-4668-BE54-9A1E7A4F7556}") = "TestEntidades", "PruebaSala\TestEntidades.csproj", "{6D351CC4-E87A-4073-83FB-F67550B97C02}"
EndProject
Project("{9A19103F-16F7-4668-BE54-9A1E7A4F7556}") = "Pruebas", "Pruebas\Pruebas.csproj", "{941B9516-7B70-4860-98D2-9B88459E7D1A}"
EndProject
Global
	GlobalSection(SolutionConfigurationPlatforms) = preSolution
		Debug|Any CPU = Debug|Any CPU
		Release|Any CPU = Release|Any CPU
	EndGlobalSection
	GlobalSection(ProjectConfigurationPlatforms) = postSolution
		{E2597040-B014-4EA6-835D-16790EB26288}.Debug|Any CPU.ActiveCfg = Debug|Any CPU
		{E2597040-B014-4EA6-835D-16790EB26288}.Debug|Any CPU.Build.0 = Debug|Any CPU
		{E2597040-B014-4EA6-835D-16790EB26288}.Release|Any CPU.ActiveCfg = Release|Any CPU
		{E2597040-B014-4EA6-835D-16790EB26288}.Release|Any CPU.Build.0 = Release|Any CPU
		{BC3A2768-0B99-47B1-A6E2-0FAB7D7FFAD7}.Debug|Any CPU.ActiveCfg = Debug|Any CPU
		{BC3A2768-0B99-47B1-A6E2-0FAB7D7FFAD7}.Debug|Any CPU.Build.0 = Debug|Any CPU
		{BC3A2768-0B99-47B1-A6E2-0FAB7D7FFAD7}.Release|Any CPU.ActiveCfg = Release|Any CPU
		{BC3A2768-0B99-47B1-A6E2-0FAB7D7FFAD7}.Release|Any CPU.Build.0 = Release|Any CPU
		{6D351CC4-E87A-4073-83FB-F67550B97C02}.Debug|Any CPU.ActiveCfg = Debug|Any CPU
		{6D351CC4-E87A-4073-83FB-F67550B97C02}.Debug|Any CPU.Build.0 = Debug|Any CPU
		{6D351CC4-E87A-4073-83FB-F67550B97C02}.Release|Any CPU.ActiveCfg = Release|Any CPU
		{6D351CC4-E87A-4073-83FB-F67550B97C02}.Release|Any CPU.Build.0 = Release|Any CPU
		{941B9516-7B70-4860-98D2-9B88459E7D1A}.Debug|Any CPU.ActiveCfg = Debug|Any CPU
		{941B9516-7B70-4860-98D2-9B88459E7D1A}.Debug|Any CPU.Build.0 = Debug|Any CPU
		{941B9516-7B70-4860-98D2-9B88459E7D1A}.Release|Any CPU.ActiveCfg = Release|Any CPU
		{941B9516-7B70-4860-98D2-9B88459E7D1A}.Release|Any CPU.Build.0 = Release|Any CPU
	EndGlobalSection
	GlobalSection(SolutionProperties) = preSolution
		HideSolutionNode = FALSE
	EndGlobalSection
	GlobalSection(ExtensibilityGlobals) = postSolution
		SolutionGuid = {E80DF08B-1B19-4204-AEBB-F44A252CA38B}
	EndGlobalSection
EndGlobal
